
Microsoft Visual Studio Solution File, Format Version 12.00
# Visual Studio Version 16
VisualStudioVersion = 16.0.28803.352
MinimumVisualStudioVersion = 10.0.40219.1
Project("{FAE04EC0-301F-11D3-BF4B-00C04F79EFBC}") = "EF-Pipelines-Demo", "EF-Pipelines-Demo\EF-Pipelines-Demo.csproj", "{2EFEB48B-87D0-4FAC-93C7-19D012FBABA3}"
EndProject
Global
	GlobalSection(SolutionConfigurationPlatforms) = preSolution
		Debug|Any CPU = Debug|Any CPU
		Release|Any CPU = Release|Any CPU
	EndGlobalSection
	GlobalSection(ProjectConfigurationPlatforms) = postSolution
		{2EFEB48B-87D0-4FAC-93C7-19D012FBABA3}.Debug|Any CPU.ActiveCfg = Debug|Any CPU
		{2EFEB48B-87D0-4FAC-93C7-19D012FBABA3}.Debug|Any CPU.Build.0 = Debug|Any CPU
		{2EFEB48B-87D0-4FAC-93C7-19D012FBABA3}.Release|Any CPU.ActiveCfg = Release|Any CPU
		{2EFEB48B-87D0-4FAC-93C7-19D012FBABA3}.Release|Any CPU.Build.0 = Release|Any CPU
	EndGlobalSection
	GlobalSection(SolutionProperties) = preSolution
		HideSolutionNode = FALSE
	EndGlobalSection
	GlobalSection(ExtensibilityGlobals) = postSolution
		SolutionGuid = {13340158-AF23-47C4-ADBD-779BEED31919}
	EndGlobalSection
EndGlobal
